
Microsoft Visual Studio Solution File, Format Version 12.00
# Visual Studio 2012
Project("{FAE04EC0-301F-11D3-BF4B-00C04F79EFBC}") = "Driven", "Driven\Driven.csproj", "{ED638DD5-E755-4B7A-940D-5C94AB425686}"
EndProject
Project("{2150E333-8FDC-42A3-9474-1A3956D46DE8}") = ".nuget", ".nuget", "{F3AE519A-9047-4D3C-9827-48963FEC77A1}"
	ProjectSection(SolutionItems) = preProject
		.nuget\NuGet.Config = .nuget\NuGet.Config
		.nuget\NuGet.exe = .nuget\NuGet.exe
		.nuget\NuGet.targets = .nuget\NuGet.targets
	EndProjectSection
EndProject
Project("{2150E333-8FDC-42A3-9474-1A3956D46DE8}") = "src", "src", "{7CA960F5-B4BF-4960-864B-8D42638A9C3D}"
EndProject
Project("{2150E333-8FDC-42A3-9474-1A3956D46DE8}") = "specs", "specs", "{9EA3F58E-8AB9-4956-B414-C4095CCD9667}"
EndProject
Project("{FAE04EC0-301F-11D3-BF4B-00C04F79EFBC}") = "Driven.Specs", "Driven.Specs\Driven.Specs.csproj", "{D12B698D-92A0-4016-8B41-CD2CABF81BB4}"
EndProject
Project("{2150E333-8FDC-42A3-9474-1A3956D46DE8}") = "build", "build", "{57808F13-EC12-4776-AA3F-E8E7C59DAAD6}"
	ProjectSection(SolutionItems) = preProject
		..\build\Driven.nuspec = ..\build\Driven.nuspec
		..\build\Driven.proj = ..\build\Driven.proj
	EndProjectSection
EndProject
Project("{FAE04EC0-301F-11D3-BF4B-00C04F79EFBC}") = "Driven.Testing", "Driven.Testing\Driven.Testing.csproj", "{7C09231B-6B97-4B26-82C7-2FB1D3A264CA}"
EndProject
Global
	GlobalSection(SolutionConfigurationPlatforms) = preSolution
		Debug|Any CPU = Debug|Any CPU
		Demo|Any CPU = Demo|Any CPU
		Release|Any CPU = Release|Any CPU
	EndGlobalSection
	GlobalSection(ProjectConfigurationPlatforms) = postSolution
		{ED638DD5-E755-4B7A-940D-5C94AB425686}.Debug|Any CPU.ActiveCfg = Debug|Any CPU
		{ED638DD5-E755-4B7A-940D-5C94AB425686}.Debug|Any CPU.Build.0 = Debug|Any CPU
		{ED638DD5-E755-4B7A-940D-5C94AB425686}.Demo|Any CPU.ActiveCfg = Debug|Any CPU
		{ED638DD5-E755-4B7A-940D-5C94AB425686}.Demo|Any CPU.Build.0 = Debug|Any CPU
		{ED638DD5-E755-4B7A-940D-5C94AB425686}.Release|Any CPU.ActiveCfg = Release|Any CPU
		{ED638DD5-E755-4B7A-940D-5C94AB425686}.Release|Any CPU.Build.0 = Release|Any CPU
		{D12B698D-92A0-4016-8B41-CD2CABF81BB4}.Debug|Any CPU.ActiveCfg = Debug|Any CPU
		{D12B698D-92A0-4016-8B41-CD2CABF81BB4}.Debug|Any CPU.Build.0 = Debug|Any CPU
		{D12B698D-92A0-4016-8B41-CD2CABF81BB4}.Demo|Any CPU.ActiveCfg = Debug|Any CPU
		{D12B698D-92A0-4016-8B41-CD2CABF81BB4}.Demo|Any CPU.Build.0 = Debug|Any CPU
		{D12B698D-92A0-4016-8B41-CD2CABF81BB4}.Release|Any CPU.ActiveCfg = Release|Any CPU
		{D12B698D-92A0-4016-8B41-CD2CABF81BB4}.Release|Any CPU.Build.0 = Release|Any CPU
		{7C09231B-6B97-4B26-82C7-2FB1D3A264CA}.Debug|Any CPU.ActiveCfg = Debug|Any CPU
		{7C09231B-6B97-4B26-82C7-2FB1D3A264CA}.Debug|Any CPU.Build.0 = Debug|Any CPU
		{7C09231B-6B97-4B26-82C7-2FB1D3A264CA}.Demo|Any CPU.ActiveCfg = Debug|Any CPU
		{7C09231B-6B97-4B26-82C7-2FB1D3A264CA}.Demo|Any CPU.Build.0 = Debug|Any CPU
		{7C09231B-6B97-4B26-82C7-2FB1D3A264CA}.Release|Any CPU.ActiveCfg = Release|Any CPU
		{7C09231B-6B97-4B26-82C7-2FB1D3A264CA}.Release|Any CPU.Build.0 = Release|Any CPU
	EndGlobalSection
	GlobalSection(SolutionProperties) = preSolution
		HideSolutionNode = FALSE
	EndGlobalSection
	GlobalSection(NestedProjects) = preSolution
		{ED638DD5-E755-4B7A-940D-5C94AB425686} = {7CA960F5-B4BF-4960-864B-8D42638A9C3D}
		{7C09231B-6B97-4B26-82C7-2FB1D3A264CA} = {7CA960F5-B4BF-4960-864B-8D42638A9C3D}
		{D12B698D-92A0-4016-8B41-CD2CABF81BB4} = {9EA3F58E-8AB9-4956-B414-C4095CCD9667}
	EndGlobalSection
EndGlobal
