
Microsoft Visual Studio Solution File, Format Version 12.00
# Visual Studio 2012
Project("{FAE04EC0-301F-11D3-BF4B-00C04F79EFBC}") = "Driven", "Driven\Driven.csproj", "{ED638DD5-E755-4B7A-940D-5C94AB425686}"
EndProject
Project("{2150E333-8FDC-42A3-9474-1A3956D46DE8}") = ".nuget", ".nuget", "{F3AE519A-9047-4D3C-9827-48963FEC77A1}"
	ProjectSection(SolutionItems) = preProject
		.nuget\NuGet.Config = .nuget\NuGet.Config
		.nuget\NuGet.exe = .nuget\NuGet.exe
		.nuget\NuGet.targets = .nuget\NuGet.targets
	EndProjectSection
EndProject
Project("{2150E333-8FDC-42A3-9474-1A3956D46DE8}") = "src", "src", "{7CA960F5-B4BF-4960-864B-8D42638A9C3D}"
EndProject
Project("{2150E333-8FDC-42A3-9474-1A3956D46DE8}") = "tests", "tests", "{9EA3F58E-8AB9-4956-B414-C4095CCD9667}"
EndProject
Project("{FAE04EC0-301F-11D3-BF4B-00C04F79EFBC}") = "Driven.Specs", "Driven.Specs\Driven.Specs.csproj", "{D12B698D-92A0-4016-8B41-CD2CABF81BB4}"
EndProject
Project("{2150E333-8FDC-42A3-9474-1A3956D46DE8}") = "build", "build", "{57808F13-EC12-4776-AA3F-E8E7C59DAAD6}"
	ProjectSection(SolutionItems) = preProject
		Driven\Driven.nuspec = Driven\Driven.nuspec
		Driven.proj = Driven.proj
		Driven.Testing\Driven.Testing.nuspec = Driven.Testing\Driven.Testing.nuspec
	EndProjectSection
EndProject
Project("{FAE04EC0-301F-11D3-BF4B-00C04F79EFBC}") = "Driven.Testing", "Driven.Testing\Driven.Testing.csproj", "{7C09231B-6B97-4B26-82C7-2FB1D3A264CA}"
EndProject
Project("{FAE04EC0-301F-11D3-BF4B-00C04F79EFBC}") = "Driven.Validation.DataAnnotations", "Driven.Validation.DataAnnotations\Driven.Validation.DataAnnotations.csproj", "{1D7FC0A6-4E69-40B7-A1DA-C66B1A0E0C49}"
Project("{FAE04EC0-301F-11D3-BF4B-00C04F79EFBC}") = "Sample.Contract", "Sample.Contract\Sample.Contract.csproj", "{03DC3A7C-261C-4BEC-A875-6A0CF848CD80}"
EndProject
Project("{2150E333-8FDC-42A3-9474-1A3956D46DE8}") = "sample", "sample", "{1FB7B9A6-51FD-49B6-B757-22321BA61289}"
EndProject
Project("{FAE04EC0-301F-11D3-BF4B-00C04F79EFBC}") = "Sample.Domain", "Sample.Domain\Sample.Domain.csproj", "{D0335CD3-108D-49F3-BED2-2C5E4F19E84A}"
EndProject
Project("{FAE04EC0-301F-11D3-BF4B-00C04F79EFBC}") = "Sample.Specs", "Sample.Specs\Sample.Specs.csproj", "{7ADB2CED-629E-4C5B-9477-19DBA506BD30}"
EndProject
Project("{FAE04EC0-301F-11D3-BF4B-00C04F79EFBC}") = "Driven.Testing.Tests", "Driven.Testing.Tests\Driven.Testing.Tests.csproj", "{6C272F00-0A64-40E6-9917-8CC32F219564}"
EndProject
Global
	GlobalSection(SolutionConfigurationPlatforms) = preSolution
		Debug|Any CPU = Debug|Any CPU
		Demo|Any CPU = Demo|Any CPU
		Release|Any CPU = Release|Any CPU
	EndGlobalSection
	GlobalSection(ProjectConfigurationPlatforms) = postSolution
		{ED638DD5-E755-4B7A-940D-5C94AB425686}.Debug|Any CPU.ActiveCfg = Debug|Any CPU
		{ED638DD5-E755-4B7A-940D-5C94AB425686}.Debug|Any CPU.Build.0 = Debug|Any CPU
		{ED638DD5-E755-4B7A-940D-5C94AB425686}.Demo|Any CPU.ActiveCfg = Debug|Any CPU
		{ED638DD5-E755-4B7A-940D-5C94AB425686}.Demo|Any CPU.Build.0 = Debug|Any CPU
		{ED638DD5-E755-4B7A-940D-5C94AB425686}.Release|Any CPU.ActiveCfg = Release|Any CPU
		{ED638DD5-E755-4B7A-940D-5C94AB425686}.Release|Any CPU.Build.0 = Release|Any CPU
		{D12B698D-92A0-4016-8B41-CD2CABF81BB4}.Debug|Any CPU.ActiveCfg = Debug|Any CPU
		{D12B698D-92A0-4016-8B41-CD2CABF81BB4}.Debug|Any CPU.Build.0 = Debug|Any CPU
		{D12B698D-92A0-4016-8B41-CD2CABF81BB4}.Demo|Any CPU.ActiveCfg = Debug|Any CPU
		{D12B698D-92A0-4016-8B41-CD2CABF81BB4}.Demo|Any CPU.Build.0 = Debug|Any CPU
		{D12B698D-92A0-4016-8B41-CD2CABF81BB4}.Release|Any CPU.ActiveCfg = Release|Any CPU
		{D12B698D-92A0-4016-8B41-CD2CABF81BB4}.Release|Any CPU.Build.0 = Release|Any CPU
		{7C09231B-6B97-4B26-82C7-2FB1D3A264CA}.Debug|Any CPU.ActiveCfg = Debug|Any CPU
		{7C09231B-6B97-4B26-82C7-2FB1D3A264CA}.Debug|Any CPU.Build.0 = Debug|Any CPU
		{7C09231B-6B97-4B26-82C7-2FB1D3A264CA}.Demo|Any CPU.ActiveCfg = Debug|Any CPU
		{7C09231B-6B97-4B26-82C7-2FB1D3A264CA}.Demo|Any CPU.Build.0 = Debug|Any CPU
		{7C09231B-6B97-4B26-82C7-2FB1D3A264CA}.Release|Any CPU.ActiveCfg = Release|Any CPU
		{7C09231B-6B97-4B26-82C7-2FB1D3A264CA}.Release|Any CPU.Build.0 = Release|Any CPU
		{1D7FC0A6-4E69-40B7-A1DA-C66B1A0E0C49}.Debug|Any CPU.ActiveCfg = Debug|Any CPU
		{1D7FC0A6-4E69-40B7-A1DA-C66B1A0E0C49}.Debug|Any CPU.Build.0 = Debug|Any CPU
		{1D7FC0A6-4E69-40B7-A1DA-C66B1A0E0C49}.Demo|Any CPU.ActiveCfg = Debug|Any CPU
		{1D7FC0A6-4E69-40B7-A1DA-C66B1A0E0C49}.Demo|Any CPU.Build.0 = Debug|Any CPU
		{1D7FC0A6-4E69-40B7-A1DA-C66B1A0E0C49}.Release|Any CPU.ActiveCfg = Release|Any CPU
		{1D7FC0A6-4E69-40B7-A1DA-C66B1A0E0C49}.Release|Any CPU.Build.0 = Release|Any CPU
		{03DC3A7C-261C-4BEC-A875-6A0CF848CD80}.Debug|Any CPU.ActiveCfg = Debug|Any CPU
		{03DC3A7C-261C-4BEC-A875-6A0CF848CD80}.Debug|Any CPU.Build.0 = Debug|Any CPU
		{03DC3A7C-261C-4BEC-A875-6A0CF848CD80}.Demo|Any CPU.ActiveCfg = Debug|Any CPU
		{03DC3A7C-261C-4BEC-A875-6A0CF848CD80}.Demo|Any CPU.Build.0 = Debug|Any CPU
		{03DC3A7C-261C-4BEC-A875-6A0CF848CD80}.Release|Any CPU.ActiveCfg = Release|Any CPU
		{03DC3A7C-261C-4BEC-A875-6A0CF848CD80}.Release|Any CPU.Build.0 = Release|Any CPU
		{D0335CD3-108D-49F3-BED2-2C5E4F19E84A}.Debug|Any CPU.ActiveCfg = Debug|Any CPU
		{D0335CD3-108D-49F3-BED2-2C5E4F19E84A}.Debug|Any CPU.Build.0 = Debug|Any CPU
		{D0335CD3-108D-49F3-BED2-2C5E4F19E84A}.Demo|Any CPU.ActiveCfg = Debug|Any CPU
		{D0335CD3-108D-49F3-BED2-2C5E4F19E84A}.Demo|Any CPU.Build.0 = Debug|Any CPU
		{D0335CD3-108D-49F3-BED2-2C5E4F19E84A}.Release|Any CPU.ActiveCfg = Release|Any CPU
		{D0335CD3-108D-49F3-BED2-2C5E4F19E84A}.Release|Any CPU.Build.0 = Release|Any CPU
		{7ADB2CED-629E-4C5B-9477-19DBA506BD30}.Debug|Any CPU.ActiveCfg = Debug|Any CPU
		{7ADB2CED-629E-4C5B-9477-19DBA506BD30}.Debug|Any CPU.Build.0 = Debug|Any CPU
		{7ADB2CED-629E-4C5B-9477-19DBA506BD30}.Demo|Any CPU.ActiveCfg = Debug|Any CPU
		{7ADB2CED-629E-4C5B-9477-19DBA506BD30}.Demo|Any CPU.Build.0 = Debug|Any CPU
		{7ADB2CED-629E-4C5B-9477-19DBA506BD30}.Release|Any CPU.ActiveCfg = Release|Any CPU
		{7ADB2CED-629E-4C5B-9477-19DBA506BD30}.Release|Any CPU.Build.0 = Release|Any CPU
		{6C272F00-0A64-40E6-9917-8CC32F219564}.Debug|Any CPU.ActiveCfg = Debug|Any CPU
		{6C272F00-0A64-40E6-9917-8CC32F219564}.Debug|Any CPU.Build.0 = Debug|Any CPU
		{6C272F00-0A64-40E6-9917-8CC32F219564}.Demo|Any CPU.ActiveCfg = Debug|Any CPU
		{6C272F00-0A64-40E6-9917-8CC32F219564}.Demo|Any CPU.Build.0 = Debug|Any CPU
		{6C272F00-0A64-40E6-9917-8CC32F219564}.Release|Any CPU.ActiveCfg = Release|Any CPU
		{6C272F00-0A64-40E6-9917-8CC32F219564}.Release|Any CPU.Build.0 = Release|Any CPU
	EndGlobalSection
	GlobalSection(SolutionProperties) = preSolution
		HideSolutionNode = FALSE
	EndGlobalSection
	GlobalSection(NestedProjects) = preSolution
		{ED638DD5-E755-4B7A-940D-5C94AB425686} = {7CA960F5-B4BF-4960-864B-8D42638A9C3D}
		{7C09231B-6B97-4B26-82C7-2FB1D3A264CA} = {7CA960F5-B4BF-4960-864B-8D42638A9C3D}
		{1D7FC0A6-4E69-40B7-A1DA-C66B1A0E0C49} = {7CA960F5-B4BF-4960-864B-8D42638A9C3D}
		{D12B698D-92A0-4016-8B41-CD2CABF81BB4} = {9EA3F58E-8AB9-4956-B414-C4095CCD9667}
		{6C272F00-0A64-40E6-9917-8CC32F219564} = {9EA3F58E-8AB9-4956-B414-C4095CCD9667}
		{03DC3A7C-261C-4BEC-A875-6A0CF848CD80} = {1FB7B9A6-51FD-49B6-B757-22321BA61289}
		{D0335CD3-108D-49F3-BED2-2C5E4F19E84A} = {1FB7B9A6-51FD-49B6-B757-22321BA61289}
		{7ADB2CED-629E-4C5B-9477-19DBA506BD30} = {1FB7B9A6-51FD-49B6-B757-22321BA61289}
	EndGlobalSection
EndGlobal
